# THIS IS AN AUTOGENERATED FILE. DO NOT EDIT THIS FILE DIRECTLY.
# yarn lockfile v1


"@types/node@^14.14.37":
  version "14.14.37"
  resolved "https://registry.yarnpkg.com/@types/node/-/node-14.14.37.tgz#a3dd8da4eb84a996c36e331df98d82abd76b516e"
  integrity sha512-XYmBiy+ohOR4Lh5jE379fV2IU+6Jn4g5qASinhitfyO71b/sCo6MKsMLF5tc7Zf2CE8hViVQyYSobJNke8OvUw==

focus-trap-react@^8.5.0:
  version "8.5.0"
  resolved "https://registry.yarnpkg.com/focus-trap-react/-/focus-trap-react-8.5.0.tgz#c4d08609ed1da0976b856519fd2c97760524474c"
  integrity sha512-YnQ3PtoszlXqHQQIYCnnTbWsXa6daEACXg9KkFvv357PkJUVp347G9L+e9WJwj2KgSIX+pTDcZFx+f7azo8dhw==
  dependencies:
    focus-trap "^6.4.0"

focus-trap@^6.4.0:
  version "6.4.0"
  resolved "https://registry.yarnpkg.com/focus-trap/-/focus-trap-6.4.0.tgz#e9951484fddf933d9b9b0e95b499f9420f6a54d6"
  integrity sha512-RpH291GjfNhy1ek+Iwe00oCaqJN0sBaB+S/v7BpCIldf39IslPI7657nOZ6HwgoEHpjCmUJoAY+Mfgrm0rohvQ==
  dependencies:
    tabbable "^5.2.0"

tabbable@^5.2.0:
  version "5.2.0"
  resolved "https://registry.yarnpkg.com/tabbable/-/tabbable-5.2.0.tgz#4fba60991d8bb89d06e5d9455c92b453acf88fb2"
  integrity sha512-0uyt8wbP0P3T4rrsfYg/5Rg3cIJ8Shl1RJ54QMqYxm1TLdWqJD1u6+RQjr2Lor3wmfT7JRHkirIwy99ydBsyPg==
